
Microsoft Visual Studio Solution File, Format Version 12.00
# Visual Studio Version 16
VisualStudioVersion = 16.0.31129.286
MinimumVisualStudioVersion = 10.0.40219.1
Project("{FAE04EC0-301F-11D3-BF4B-00C04F79EFBC}") = "ConsoleApp21", "ConsoleApp21\ConsoleApp21.csproj", "{D52915E1-C7DC-494A-9A00-18301AAC5B67}"
EndProject
Project("{FAE04EC0-301F-11D3-BF4B-00C04F79EFBC}") = "UnitTestProject1", "UnitTestProject1\UnitTestProject1.csproj", "{7AB7BC5A-88D0-4052-BFF2-AC886F68A0EF}"
EndProject
Global
	GlobalSection(SolutionConfigurationPlatforms) = preSolution
		Debug|Any CPU = Debug|Any CPU
		Release|Any CPU = Release|Any CPU
	EndGlobalSection
	GlobalSection(ProjectConfigurationPlatforms) = postSolution
		{D52915E1-C7DC-494A-9A00-18301AAC5B67}.Debug|Any CPU.ActiveCfg = Debug|Any CPU
		{D52915E1-C7DC-494A-9A00-18301AAC5B67}.Debug|Any CPU.Build.0 = Debug|Any CPU
		{D52915E1-C7DC-494A-9A00-18301AAC5B67}.Release|Any CPU.ActiveCfg = Release|Any CPU
		{D52915E1-C7DC-494A-9A00-18301AAC5B67}.Release|Any CPU.Build.0 = Release|Any CPU
		{7AB7BC5A-88D0-4052-BFF2-AC886F68A0EF}.Debug|Any CPU.ActiveCfg = Debug|Any CPU
		{7AB7BC5A-88D0-4052-BFF2-AC886F68A0EF}.Debug|Any CPU.Build.0 = Debug|Any CPU
		{7AB7BC5A-88D0-4052-BFF2-AC886F68A0EF}.Release|Any CPU.ActiveCfg = Release|Any CPU
		{7AB7BC5A-88D0-4052-BFF2-AC886F68A0EF}.Release|Any CPU.Build.0 = Release|Any CPU
	EndGlobalSection
	GlobalSection(SolutionProperties) = preSolution
		HideSolutionNode = FALSE
	EndGlobalSection
	GlobalSection(ExtensibilityGlobals) = postSolution
		SolutionGuid = {2A4DC33A-54E7-4D51-8A0C-0008C28FB5B1}
	EndGlobalSection
EndGlobal
